
Microsoft Visual Studio Solution File, Format Version 12.00
# Visual Studio Version 17
VisualStudioVersion = 17.1.32328.378
MinimumVisualStudioVersion = 10.0.40219.1
Project("{FAE04EC0-301F-11D3-BF4B-00C04F79EFBC}") = "Univ_WebSite_Api_Net", "Univ_WebSite_Api_Net\Univ_WebSite_Api_Net.csproj", "{338B2989-DC30-42EC-868B-A5A35BCF4096}"
EndProject
Global
	GlobalSection(SolutionConfigurationPlatforms) = preSolution
		Debug|Any CPU = Debug|Any CPU
		Release|Any CPU = Release|Any CPU
	EndGlobalSection
	GlobalSection(ProjectConfigurationPlatforms) = postSolution
		{338B2989-DC30-42EC-868B-A5A35BCF4096}.Debug|Any CPU.ActiveCfg = Debug|Any CPU
		{338B2989-DC30-42EC-868B-A5A35BCF4096}.Debug|Any CPU.Build.0 = Debug|Any CPU
		{338B2989-DC30-42EC-868B-A5A35BCF4096}.Release|Any CPU.ActiveCfg = Release|Any CPU
		{338B2989-DC30-42EC-868B-A5A35BCF4096}.Release|Any CPU.Build.0 = Release|Any CPU
	EndGlobalSection
	GlobalSection(SolutionProperties) = preSolution
		HideSolutionNode = FALSE
	EndGlobalSection
	GlobalSection(ExtensibilityGlobals) = postSolution
		SolutionGuid = {0DBBF7DD-BCAC-4ADB-887E-60A2BBFB6635}
	EndGlobalSection
EndGlobal
